
Microsoft Visual Studio Solution File, Format Version 12.00
# Visual Studio Version 16
VisualStudioVersion = 16.0.30804.86
MinimumVisualStudioVersion = 10.0.40219.1
Project("{8BC9CEB8-8B4A-11D0-8D11-00A0C91BC942}") = "HighLevelSim", "HighLevelSim.vcxproj", "{A6C87563-D8D3-4FCB-8381-102B7E33EF94}"
	ProjectSection(ProjectDependencies) = postProject
		{86DF4B8C-CF94-4EA8-B529-78997F0F30A7} = {86DF4B8C-CF94-4EA8-B529-78997F0F30A7}
		{C4BB70F7-ECD9-4E8D-9898-AC8F7FB73414} = {C4BB70F7-ECD9-4E8D-9898-AC8F7FB73414}
	EndProjectSection
EndProject
Project("{8BC9CEB8-8B4A-11D0-8D11-00A0C91BC942}") = "SystemC", "..\systemc\msvc10\SystemC\SystemC.vcxproj", "{86DF4B8C-CF94-4EA8-B529-78997F0F30A7}"
EndProject
Project("{8BC9CEB8-8B4A-11D0-8D11-00A0C91BC942}") = "SystemC-core", "..\systemc\msvc10\SystemC\SystemC-core.vcxproj", "{C4BB70F7-ECD9-4E8D-9898-AC8F7FB73414}"
EndProject
Project("{8BC9CEB8-8B4A-11D0-8D11-00A0C91BC942}") = "risc_cpu", "..\systemc\examples\sysc\risc_cpu\risc_cpu.vcxproj", "{7E89CFF9-22EE-45E4-942B-100C34D8AD72}"
EndProject
Project("{8BC9CEB8-8B4A-11D0-8D11-00A0C91BC942}") = "simple_fifo", "..\systemc\examples\sysc\simple_fifo\simple_fifo.vcxproj", "{1CDB535E-14E9-4E52-8898-0CE0B826B97C}"
EndProject
Project("{8BC9CEB8-8B4A-11D0-8D11-00A0C91BC942}") = "simple_bus", "..\systemc\examples\sysc\simple_bus\simple_bus.vcxproj", "{CE91C43D-8F06-4821-A84A-C561D9A19558}"
EndProject
Global
	GlobalSection(SolutionConfigurationPlatforms) = preSolution
		Debug|x64 = Debug|x64
		Debug|x86 = Debug|x86
		DebugDLL|x64 = DebugDLL|x64
		DebugDLL|x86 = DebugDLL|x86
		Release|x64 = Release|x64
		Release|x86 = Release|x86
		ReleaseDLL|x64 = ReleaseDLL|x64
		ReleaseDLL|x86 = ReleaseDLL|x86
	EndGlobalSection
	GlobalSection(ProjectConfigurationPlatforms) = postSolution
		{A6C87563-D8D3-4FCB-8381-102B7E33EF94}.Debug|x64.ActiveCfg = Debug|x64
		{A6C87563-D8D3-4FCB-8381-102B7E33EF94}.Debug|x64.Build.0 = Debug|x64
		{A6C87563-D8D3-4FCB-8381-102B7E33EF94}.Debug|x86.ActiveCfg = Debug|Win32
		{A6C87563-D8D3-4FCB-8381-102B7E33EF94}.Debug|x86.Build.0 = Debug|Win32
		{A6C87563-D8D3-4FCB-8381-102B7E33EF94}.DebugDLL|x64.ActiveCfg = Debug|x64
		{A6C87563-D8D3-4FCB-8381-102B7E33EF94}.DebugDLL|x64.Build.0 = Debug|x64
		{A6C87563-D8D3-4FCB-8381-102B7E33EF94}.DebugDLL|x86.ActiveCfg = Debug|Win32
		{A6C87563-D8D3-4FCB-8381-102B7E33EF94}.DebugDLL|x86.Build.0 = Debug|Win32
		{A6C87563-D8D3-4FCB-8381-102B7E33EF94}.Release|x64.ActiveCfg = Release|x64
		{A6C87563-D8D3-4FCB-8381-102B7E33EF94}.Release|x64.Build.0 = Release|x64
		{A6C87563-D8D3-4FCB-8381-102B7E33EF94}.Release|x86.ActiveCfg = Release|Win32
		{A6C87563-D8D3-4FCB-8381-102B7E33EF94}.Release|x86.Build.0 = Release|Win32
		{A6C87563-D8D3-4FCB-8381-102B7E33EF94}.ReleaseDLL|x64.ActiveCfg = Release|x64
		{A6C87563-D8D3-4FCB-8381-102B7E33EF94}.ReleaseDLL|x64.Build.0 = Release|x64
		{A6C87563-D8D3-4FCB-8381-102B7E33EF94}.ReleaseDLL|x86.ActiveCfg = Release|Win32
		{A6C87563-D8D3-4FCB-8381-102B7E33EF94}.ReleaseDLL|x86.Build.0 = Release|Win32
		{86DF4B8C-CF94-4EA8-B529-78997F0F30A7}.Debug|x64.ActiveCfg = Debug|x64
		{86DF4B8C-CF94-4EA8-B529-78997F0F30A7}.Debug|x64.Build.0 = Debug|x64
		{86DF4B8C-CF94-4EA8-B529-78997F0F30A7}.Debug|x86.ActiveCfg = Debug|Win32
		{86DF4B8C-CF94-4EA8-B529-78997F0F30A7}.Debug|x86.Build.0 = Debug|Win32
		{86DF4B8C-CF94-4EA8-B529-78997F0F30A7}.DebugDLL|x64.ActiveCfg = DebugDLL|x64
		{86DF4B8C-CF94-4EA8-B529-78997F0F30A7}.DebugDLL|x64.Build.0 = DebugDLL|x64
		{86DF4B8C-CF94-4EA8-B529-78997F0F30A7}.DebugDLL|x86.ActiveCfg = DebugDLL|Win32
		{86DF4B8C-CF94-4EA8-B529-78997F0F30A7}.DebugDLL|x86.Build.0 = DebugDLL|Win32
		{86DF4B8C-CF94-4EA8-B529-78997F0F30A7}.Release|x64.ActiveCfg = Release|x64
		{86DF4B8C-CF94-4EA8-B529-78997F0F30A7}.Release|x64.Build.0 = Release|x64
		{86DF4B8C-CF94-4EA8-B529-78997F0F30A7}.Release|x86.ActiveCfg = Release|Win32
		{86DF4B8C-CF94-4EA8-B529-78997F0F30A7}.Release|x86.Build.0 = Release|Win32
		{86DF4B8C-CF94-4EA8-B529-78997F0F30A7}.ReleaseDLL|x64.ActiveCfg = ReleaseDLL|x64
		{86DF4B8C-CF94-4EA8-B529-78997F0F30A7}.ReleaseDLL|x64.Build.0 = ReleaseDLL|x64
		{86DF4B8C-CF94-4EA8-B529-78997F0F30A7}.ReleaseDLL|x86.ActiveCfg = ReleaseDLL|Win32
		{86DF4B8C-CF94-4EA8-B529-78997F0F30A7}.ReleaseDLL|x86.Build.0 = ReleaseDLL|Win32
		{C4BB70F7-ECD9-4E8D-9898-AC8F7FB73414}.Debug|x64.ActiveCfg = Debug|x64
		{C4BB70F7-ECD9-4E8D-9898-AC8F7FB73414}.Debug|x64.Build.0 = Debug|x64
		{C4BB70F7-ECD9-4E8D-9898-AC8F7FB73414}.Debug|x86.ActiveCfg = Debug|Win32
		{C4BB70F7-ECD9-4E8D-9898-AC8F7FB73414}.Debug|x86.Build.0 = Debug|Win32
		{C4BB70F7-ECD9-4E8D-9898-AC8F7FB73414}.DebugDLL|x64.ActiveCfg = DebugDLL|x64
		{C4BB70F7-ECD9-4E8D-9898-AC8F7FB73414}.DebugDLL|x64.Build.0 = DebugDLL|x64
		{C4BB70F7-ECD9-4E8D-9898-AC8F7FB73414}.DebugDLL|x86.ActiveCfg = DebugDLL|Win32
		{C4BB70F7-ECD9-4E8D-9898-AC8F7FB73414}.DebugDLL|x86.Build.0 = DebugDLL|Win32
		{C4BB70F7-ECD9-4E8D-9898-AC8F7FB73414}.Release|x64.ActiveCfg = Release|x64
		{C4BB70F7-ECD9-4E8D-9898-AC8F7FB73414}.Release|x64.Build.0 = Release|x64
		{C4BB70F7-ECD9-4E8D-9898-AC8F7FB73414}.Release|x86.ActiveCfg = Release|Win32
		{C4BB70F7-ECD9-4E8D-9898-AC8F7FB73414}.Release|x86.Build.0 = Release|Win32
		{C4BB70F7-ECD9-4E8D-9898-AC8F7FB73414}.ReleaseDLL|x64.ActiveCfg = ReleaseDLL|x64
		{C4BB70F7-ECD9-4E8D-9898-AC8F7FB73414}.ReleaseDLL|x64.Build.0 = ReleaseDLL|x64
		{C4BB70F7-ECD9-4E8D-9898-AC8F7FB73414}.ReleaseDLL|x86.ActiveCfg = ReleaseDLL|Win32
		{C4BB70F7-ECD9-4E8D-9898-AC8F7FB73414}.ReleaseDLL|x86.Build.0 = ReleaseDLL|Win32
		{7E89CFF9-22EE-45E4-942B-100C34D8AD72}.Debug|x64.ActiveCfg = Debug|x64
		{7E89CFF9-22EE-45E4-942B-100C34D8AD72}.Debug|x64.Build.0 = Debug|x64
		{7E89CFF9-22EE-45E4-942B-100C34D8AD72}.Debug|x86.ActiveCfg = Debug|Win32
		{7E89CFF9-22EE-45E4-942B-100C34D8AD72}.Debug|x86.Build.0 = Debug|Win32
		{7E89CFF9-22EE-45E4-942B-100C34D8AD72}.DebugDLL|x64.ActiveCfg = Debug|x64
		{7E89CFF9-22EE-45E4-942B-100C34D8AD72}.DebugDLL|x64.Build.0 = Debug|x64
		{7E89CFF9-22EE-45E4-942B-100C34D8AD72}.DebugDLL|x86.ActiveCfg = Debug|Win32
		{7E89CFF9-22EE-45E4-942B-100C34D8AD72}.DebugDLL|x86.Build.0 = Debug|Win32
		{7E89CFF9-22EE-45E4-942B-100C34D8AD72}.Release|x64.ActiveCfg = Release|x64
		{7E89CFF9-22EE-45E4-942B-100C34D8AD72}.Release|x64.Build.0 = Release|x64
		{7E89CFF9-22EE-45E4-942B-100C34D8AD72}.Release|x86.ActiveCfg = Release|Win32
		{7E89CFF9-22EE-45E4-942B-100C34D8AD72}.Release|x86.Build.0 = Release|Win32
		{7E89CFF9-22EE-45E4-942B-100C34D8AD72}.ReleaseDLL|x64.ActiveCfg = Release|x64
		{7E89CFF9-22EE-45E4-942B-100C34D8AD72}.ReleaseDLL|x64.Build.0 = Release|x64
		{7E89CFF9-22EE-45E4-942B-100C34D8AD72}.ReleaseDLL|x86.ActiveCfg = Release|Win32
		{7E89CFF9-22EE-45E4-942B-100C34D8AD72}.ReleaseDLL|x86.Build.0 = Release|Win32
		{1CDB535E-14E9-4E52-8898-0CE0B826B97C}.Debug|x64.ActiveCfg = Debug|x64
		{1CDB535E-14E9-4E52-8898-0CE0B826B97C}.Debug|x64.Build.0 = Debug|x64
		{1CDB535E-14E9-4E52-8898-0CE0B826B97C}.Debug|x86.ActiveCfg = Debug|Win32
		{1CDB535E-14E9-4E52-8898-0CE0B826B97C}.Debug|x86.Build.0 = Debug|Win32
		{1CDB535E-14E9-4E52-8898-0CE0B826B97C}.DebugDLL|x64.ActiveCfg = Debug|x64
		{1CDB535E-14E9-4E52-8898-0CE0B826B97C}.DebugDLL|x64.Build.0 = Debug|x64
		{1CDB535E-14E9-4E52-8898-0CE0B826B97C}.DebugDLL|x86.ActiveCfg = Debug|Win32
		{1CDB535E-14E9-4E52-8898-0CE0B826B97C}.DebugDLL|x86.Build.0 = Debug|Win32
		{1CDB535E-14E9-4E52-8898-0CE0B826B97C}.Release|x64.ActiveCfg = Release|x64
		{1CDB535E-14E9-4E52-8898-0CE0B826B97C}.Release|x64.Build.0 = Release|x64
		{1CDB535E-14E9-4E52-8898-0CE0B826B97C}.Release|x86.ActiveCfg = Release|Win32
		{1CDB535E-14E9-4E52-8898-0CE0B826B97C}.Release|x86.Build.0 = Release|Win32
		{1CDB535E-14E9-4E52-8898-0CE0B826B97C}.ReleaseDLL|x64.ActiveCfg = Release|x64
		{1CDB535E-14E9-4E52-8898-0CE0B826B97C}.ReleaseDLL|x64.Build.0 = Release|x64
		{1CDB535E-14E9-4E52-8898-0CE0B826B97C}.ReleaseDLL|x86.ActiveCfg = Release|Win32
		{1CDB535E-14E9-4E52-8898-0CE0B826B97C}.ReleaseDLL|x86.Build.0 = Release|Win32
		{CE91C43D-8F06-4821-A84A-C561D9A19558}.Debug|x64.ActiveCfg = Debug|x64
		{CE91C43D-8F06-4821-A84A-C561D9A19558}.Debug|x64.Build.0 = Debug|x64
		{CE91C43D-8F06-4821-A84A-C561D9A19558}.Debug|x86.ActiveCfg = Debug|Win32
		{CE91C43D-8F06-4821-A84A-C561D9A19558}.Debug|x86.Build.0 = Debug|Win32
		{CE91C43D-8F06-4821-A84A-C561D9A19558}.DebugDLL|x64.ActiveCfg = Debug|x64
		{CE91C43D-8F06-4821-A84A-C561D9A19558}.DebugDLL|x64.Build.0 = Debug|x64
		{CE91C43D-8F06-4821-A84A-C561D9A19558}.DebugDLL|x86.ActiveCfg = Debug|Win32
		{CE91C43D-8F06-4821-A84A-C561D9A19558}.DebugDLL|x86.Build.0 = Debug|Win32
		{CE91C43D-8F06-4821-A84A-C561D9A19558}.Release|x64.ActiveCfg = Release|x64
		{CE91C43D-8F06-4821-A84A-C561D9A19558}.Release|x64.Build.0 = Release|x64
		{CE91C43D-8F06-4821-A84A-C561D9A19558}.Release|x86.ActiveCfg = Release|Win32
		{CE91C43D-8F06-4821-A84A-C561D9A19558}.Release|x86.Build.0 = Release|Win32
		{CE91C43D-8F06-4821-A84A-C561D9A19558}.ReleaseDLL|x64.ActiveCfg = Release|x64
		{CE91C43D-8F06-4821-A84A-C561D9A19558}.ReleaseDLL|x64.Build.0 = Release|x64
		{CE91C43D-8F06-4821-A84A-C561D9A19558}.ReleaseDLL|x86.ActiveCfg = Release|Win32
		{CE91C43D-8F06-4821-A84A-C561D9A19558}.ReleaseDLL|x86.Build.0 = Release|Win32
	EndGlobalSection
	GlobalSection(SolutionProperties) = preSolution
		HideSolutionNode = FALSE
	EndGlobalSection
	GlobalSection(ExtensibilityGlobals) = postSolution
		SolutionGuid = {FEE03A55-DA57-4BD2-A595-3DBE4AD68EFB}
	EndGlobalSection
EndGlobal
